
Microsoft Visual Studio Solution File, Format Version 12.00
# Visual Studio 15
VisualStudioVersion = 15.0.27428.2037
MinimumVisualStudioVersion = 10.0.40219.1
Project("{9A19103F-16F7-4668-BE54-9A1E7A4F7556}") = "PubSubSample.ConfigurationService", "PubSubSample.ConfigurationService\PubSubSample.ConfigurationService.csproj", "{FCB8AC3B-326C-4F79-B70B-1F5795D08D93}"
EndProject
Project("{9A19103F-16F7-4668-BE54-9A1E7A4F7556}") = "PubSubSample.Domain", "PubSubSample.Domain\PubSubSample.Domain.csproj", "{6D2616B6-232C-4CC3-A442-8D4264EE1A47}"
EndProject
Project("{9A19103F-16F7-4668-BE54-9A1E7A4F7556}") = "PubSubSample.Infrastructure.Redis", "PubSubSample.Infrastructure\PubSubSample.Infrastructure.Redis.csproj", "{978A07A3-4692-40EC-9B89-BAF779D34E3A}"
EndProject
Project("{9A19103F-16F7-4668-BE54-9A1E7A4F7556}") = "PubSubSample.DeliveryService", "PubSubSample.DeliveryService\PubSubSample.DeliveryService.csproj", "{63A2B102-3CC6-4BA5-8807-B6E7F4F58B1B}"
EndProject
Project("{FAE04EC0-301F-11D3-BF4B-00C04F79EFBC}") = "PubSubSample.Infrastructure.Redis.UnitTests", "PubSubSample.Infrastructure.Redis.UnitTests\PubSubSample.Infrastructure.Redis.UnitTests.csproj", "{BC3F11B3-DCF7-4AE0-9430-635E418E33F3}"
EndProject
Global
	GlobalSection(SolutionConfigurationPlatforms) = preSolution
		Debug|Any CPU = Debug|Any CPU
		Release|Any CPU = Release|Any CPU
	EndGlobalSection
	GlobalSection(ProjectConfigurationPlatforms) = postSolution
		{FCB8AC3B-326C-4F79-B70B-1F5795D08D93}.Debug|Any CPU.ActiveCfg = Debug|Any CPU
		{FCB8AC3B-326C-4F79-B70B-1F5795D08D93}.Debug|Any CPU.Build.0 = Debug|Any CPU
		{FCB8AC3B-326C-4F79-B70B-1F5795D08D93}.Release|Any CPU.ActiveCfg = Release|Any CPU
		{FCB8AC3B-326C-4F79-B70B-1F5795D08D93}.Release|Any CPU.Build.0 = Release|Any CPU
		{6D2616B6-232C-4CC3-A442-8D4264EE1A47}.Debug|Any CPU.ActiveCfg = Debug|Any CPU
		{6D2616B6-232C-4CC3-A442-8D4264EE1A47}.Debug|Any CPU.Build.0 = Debug|Any CPU
		{6D2616B6-232C-4CC3-A442-8D4264EE1A47}.Release|Any CPU.ActiveCfg = Release|Any CPU
		{6D2616B6-232C-4CC3-A442-8D4264EE1A47}.Release|Any CPU.Build.0 = Release|Any CPU
		{978A07A3-4692-40EC-9B89-BAF779D34E3A}.Debug|Any CPU.ActiveCfg = Debug|Any CPU
		{978A07A3-4692-40EC-9B89-BAF779D34E3A}.Debug|Any CPU.Build.0 = Debug|Any CPU
		{978A07A3-4692-40EC-9B89-BAF779D34E3A}.Release|Any CPU.ActiveCfg = Release|Any CPU
		{978A07A3-4692-40EC-9B89-BAF779D34E3A}.Release|Any CPU.Build.0 = Release|Any CPU
		{63A2B102-3CC6-4BA5-8807-B6E7F4F58B1B}.Debug|Any CPU.ActiveCfg = Debug|Any CPU
		{63A2B102-3CC6-4BA5-8807-B6E7F4F58B1B}.Debug|Any CPU.Build.0 = Debug|Any CPU
		{63A2B102-3CC6-4BA5-8807-B6E7F4F58B1B}.Release|Any CPU.ActiveCfg = Release|Any CPU
		{63A2B102-3CC6-4BA5-8807-B6E7F4F58B1B}.Release|Any CPU.Build.0 = Release|Any CPU
		{BC3F11B3-DCF7-4AE0-9430-635E418E33F3}.Debug|Any CPU.ActiveCfg = Debug|Any CPU
		{BC3F11B3-DCF7-4AE0-9430-635E418E33F3}.Debug|Any CPU.Build.0 = Debug|Any CPU
		{BC3F11B3-DCF7-4AE0-9430-635E418E33F3}.Release|Any CPU.ActiveCfg = Release|Any CPU
		{BC3F11B3-DCF7-4AE0-9430-635E418E33F3}.Release|Any CPU.Build.0 = Release|Any CPU
	EndGlobalSection
	GlobalSection(SolutionProperties) = preSolution
		HideSolutionNode = FALSE
	EndGlobalSection
	GlobalSection(ExtensibilityGlobals) = postSolution
		SolutionGuid = {FB299ED3-BDD6-44DC-A47B-C2F02298734B}
	EndGlobalSection
EndGlobal
